{
  "name": "prestoplay-web-code-samples",
  "lockfileVersion": 3,
  "requires": true,
  "packages": {
    "": {
      "dependencies": {
        "@castlabs/prestoplay": "^6.33.0"
      }
    },
    "node_modules/@castlabs/prestoplay": {
      "version": "6.33.0",
      "resolved": "https://registry.npmjs.org/@castlabs/prestoplay/-/prestoplay-6.33.0.tgz",
      "integrity": "sha512-6EKPS+l+X7RE0MNllfjOTy11hoIGdoAmqv2atwfmSj2hQIpqsQdOHhxy+49hJtaayQ2EphDi3H7fP2gzm48RyQ==",
      "license": "See https://castlabs.com/legal/",
      "peerDependencies": {
        "@broadpeak/smartlib": "5.4.4-808048b",
        "@broadpeak/smartlib-ad": "5.4.4-808048b",
        "@broadpeak/smartlib-all-compatibility": "5.4.4-808048b",
        "@broadpeak/smartlib-analytics": "5.4.4-808048b",
        "mux.js": "^6.0.0",
        "npaw-plugin": "7.3.21",
        "npaw-plugin-adapters": "7.3.21",
        "youboralib": "6.8.59"
      },
      "peerDependenciesMeta": {
        "@broadpeak/smartlib": {
          "optional": true
        },
        "@broadpeak/smartlib-ad": {
          "optional": true
        },
        "@broadpeak/smartlib-all-compatibility": {
          "optional": true
        },
        "@broadpeak/smartlib-analytics": {
          "optional": true
        },
        "mux.js": {
          "optional": true
        },
        "npaw-plugin": {
          "optional": true
        },
        "npaw-plugin-adapters": {
          "optional": true
        },
        "youboralib": {
          "optional": true
        }
      }
    }
  }
}
